
Microsoft Visual Studio Solution File, Format Version 12.00
# Visual Studio 14
VisualStudioVersion = 14.0.23107.0
MinimumVisualStudioVersion = 10.0.40219.1
Project("{FAE04EC0-301F-11D3-BF4B-00C04F79EFBC}") = "Cliente", "Cliente\Cliente.csproj", "{48758CBA-BC3A-4DA1-B59D-76DEA89E3C45}"
EndProject
Project("{FAE04EC0-301F-11D3-BF4B-00C04F79EFBC}") = "WebApi", "WebApi\WebApi.csproj", "{B5274BDD-AD30-4B11-91B6-E34FE621A05B}"
EndProject
Global
	GlobalSection(SolutionConfigurationPlatforms) = preSolution
		Debug|Any CPU = Debug|Any CPU
		Release|Any CPU = Release|Any CPU
	EndGlobalSection
	GlobalSection(ProjectConfigurationPlatforms) = postSolution
		{48758CBA-BC3A-4DA1-B59D-76DEA89E3C45}.Debug|Any CPU.ActiveCfg = Debug|Any CPU
		{48758CBA-BC3A-4DA1-B59D-76DEA89E3C45}.Debug|Any CPU.Build.0 = Debug|Any CPU
		{48758CBA-BC3A-4DA1-B59D-76DEA89E3C45}.Release|Any CPU.ActiveCfg = Release|Any CPU
		{48758CBA-BC3A-4DA1-B59D-76DEA89E3C45}.Release|Any CPU.Build.0 = Release|Any CPU
		{B5274BDD-AD30-4B11-91B6-E34FE621A05B}.Debug|Any CPU.ActiveCfg = Debug|Any CPU
		{B5274BDD-AD30-4B11-91B6-E34FE621A05B}.Debug|Any CPU.Build.0 = Debug|Any CPU
		{B5274BDD-AD30-4B11-91B6-E34FE621A05B}.Release|Any CPU.ActiveCfg = Release|Any CPU
		{B5274BDD-AD30-4B11-91B6-E34FE621A05B}.Release|Any CPU.Build.0 = Release|Any CPU
	EndGlobalSection
	GlobalSection(SolutionProperties) = preSolution
		HideSolutionNode = FALSE
	EndGlobalSection
EndGlobal
